{
  "name": "prolimo-qm-deployment",
  "version": "0.0.0",
  "lockfileVersion": 3,
  "requires": true,
  "packages": {
    "": {
      "name": "prolimo-qm-deployment",
      "version": "0.0.0",
      "dependencies": {
        "@yc-software/qm": "file:../../../cli"
      },
      "engines": {
        "node": ">=24.0.0"
      }
    },
    "../../../cli": {
      "name": "@yc-software/qm",
      "version": "0.1.9",
      "license": "MIT",
      "bin": {
        "qm": "dist/bin/qm.js"
      },
      "devDependencies": {
        "@types/node": "^24.0.0",
        "typescript": "^5.8.2"
      },
      "engines": {
        "node": ">=24.0.0"
      }
    },
    "node_modules/@yc-software/qm": {
      "resolved": "../../../cli",
      "link": true
    }
  }
}
